
Microsoft Visual Studio Solution File, Format Version 12.00
# Visual Studio 14
VisualStudioVersion = 14.0.25123.0
MinimumVisualStudioVersion = 10.0.40219.1
Project("{FAE04EC0-301F-11D3-BF4B-00C04F79EFBC}") = "DanceServiceModel", "DanceServiceModel\DanceServiceModel.csproj", "{DFAB790A-9B8C-41AE-A288-5E7BBBBBB439}"
EndProject
Project("{FAE04EC0-301F-11D3-BF4B-00C04F79EFBC}") = "MVCDanceService", "MVCDanceService\MVCDanceService.csproj", "{72D43C52-E69A-491F-8EBF-24AD1849C618}"
EndProject
Project("{FAE04EC0-301F-11D3-BF4B-00C04F79EFBC}") = "WebApiDanceService", "WebApiDanceService\WebApiDanceService.csproj", "{98C76BEC-27FF-4F80-9343-13ECEA5FDACE}"
EndProject
Project("{FAE04EC0-301F-11D3-BF4B-00C04F79EFBC}") = "SimpleWebApi", "SimpleWebApi\SimpleWebApi.csproj", "{56D0367F-2465-4615-AE68-6D3EA90459FF}"
EndProject
Global
	GlobalSection(SolutionConfigurationPlatforms) = preSolution
		Ad-Hoc|Any CPU = Ad-Hoc|Any CPU
		Ad-Hoc|ARM = Ad-Hoc|ARM
		Ad-Hoc|iPhone = Ad-Hoc|iPhone
		Ad-Hoc|iPhoneSimulator = Ad-Hoc|iPhoneSimulator
		Ad-Hoc|x64 = Ad-Hoc|x64
		Ad-Hoc|x86 = Ad-Hoc|x86
		AppStore|Any CPU = AppStore|Any CPU
		AppStore|ARM = AppStore|ARM
		AppStore|iPhone = AppStore|iPhone
		AppStore|iPhoneSimulator = AppStore|iPhoneSimulator
		AppStore|x64 = AppStore|x64
		AppStore|x86 = AppStore|x86
		Debug|Any CPU = Debug|Any CPU
		Debug|ARM = Debug|ARM
		Debug|iPhone = Debug|iPhone
		Debug|iPhoneSimulator = Debug|iPhoneSimulator
		Debug|x64 = Debug|x64
		Debug|x86 = Debug|x86
		Release|Any CPU = Release|Any CPU
		Release|ARM = Release|ARM
		Release|iPhone = Release|iPhone
		Release|iPhoneSimulator = Release|iPhoneSimulator
		Release|x64 = Release|x64
		Release|x86 = Release|x86
	EndGlobalSection
	GlobalSection(ProjectConfigurationPlatforms) = postSolution
		{DFAB790A-9B8C-41AE-A288-5E7BBBBBB439}.Ad-Hoc|Any CPU.ActiveCfg = Release|Any CPU
		{DFAB790A-9B8C-41AE-A288-5E7BBBBBB439}.Ad-Hoc|Any CPU.Build.0 = Release|Any CPU
		{DFAB790A-9B8C-41AE-A288-5E7BBBBBB439}.Ad-Hoc|ARM.ActiveCfg = Release|Any CPU
		{DFAB790A-9B8C-41AE-A288-5E7BBBBBB439}.Ad-Hoc|ARM.Build.0 = Release|Any CPU
		{DFAB790A-9B8C-41AE-A288-5E7BBBBBB439}.Ad-Hoc|iPhone.ActiveCfg = Release|Any CPU
		{DFAB790A-9B8C-41AE-A288-5E7BBBBBB439}.Ad-Hoc|iPhone.Build.0 = Release|Any CPU
		{DFAB790A-9B8C-41AE-A288-5E7BBBBBB439}.Ad-Hoc|iPhoneSimulator.ActiveCfg = Release|Any CPU
		{DFAB790A-9B8C-41AE-A288-5E7BBBBBB439}.Ad-Hoc|iPhoneSimulator.Build.0 = Release|Any CPU
		{DFAB790A-9B8C-41AE-A288-5E7BBBBBB439}.Ad-Hoc|x64.ActiveCfg = Release|Any CPU
		{DFAB790A-9B8C-41AE-A288-5E7BBBBBB439}.Ad-Hoc|x64.Build.0 = Release|Any CPU
		{DFAB790A-9B8C-41AE-A288-5E7BBBBBB439}.Ad-Hoc|x86.ActiveCfg = Release|Any CPU
		{DFAB790A-9B8C-41AE-A288-5E7BBBBBB439}.Ad-Hoc|x86.Build.0 = Release|Any CPU
		{DFAB790A-9B8C-41AE-A288-5E7BBBBBB439}.AppStore|Any CPU.ActiveCfg = Release|Any CPU
		{DFAB790A-9B8C-41AE-A288-5E7BBBBBB439}.AppStore|Any CPU.Build.0 = Release|Any CPU
		{DFAB790A-9B8C-41AE-A288-5E7BBBBBB439}.AppStore|ARM.ActiveCfg = Release|Any CPU
		{DFAB790A-9B8C-41AE-A288-5E7BBBBBB439}.AppStore|ARM.Build.0 = Release|Any CPU
		{DFAB790A-9B8C-41AE-A288-5E7BBBBBB439}.AppStore|iPhone.ActiveCfg = Release|Any CPU
		{DFAB790A-9B8C-41AE-A288-5E7BBBBBB439}.AppStore|iPhone.Build.0 = Release|Any CPU
		{DFAB790A-9B8C-41AE-A288-5E7BBBBBB439}.AppStore|iPhoneSimulator.ActiveCfg = Release|Any CPU
		{DFAB790A-9B8C-41AE-A288-5E7BBBBBB439}.AppStore|iPhoneSimulator.Build.0 = Release|Any CPU
		{DFAB790A-9B8C-41AE-A288-5E7BBBBBB439}.AppStore|x64.ActiveCfg = Release|Any CPU
		{DFAB790A-9B8C-41AE-A288-5E7BBBBBB439}.AppStore|x64.Build.0 = Release|Any CPU
		{DFAB790A-9B8C-41AE-A288-5E7BBBBBB439}.AppStore|x86.ActiveCfg = Release|Any CPU
		{DFAB790A-9B8C-41AE-A288-5E7BBBBBB439}.AppStore|x86.Build.0 = Release|Any CPU
		{DFAB790A-9B8C-41AE-A288-5E7BBBBBB439}.Debug|Any CPU.ActiveCfg = Debug|Any CPU
		{DFAB790A-9B8C-41AE-A288-5E7BBBBBB439}.Debug|Any CPU.Build.0 = Debug|Any CPU
		{DFAB790A-9B8C-41AE-A288-5E7BBBBBB439}.Debug|ARM.ActiveCfg = Debug|Any CPU
		{DFAB790A-9B8C-41AE-A288-5E7BBBBBB439}.Debug|ARM.Build.0 = Debug|Any CPU
		{DFAB790A-9B8C-41AE-A288-5E7BBBBBB439}.Debug|iPhone.ActiveCfg = Debug|Any CPU
		{DFAB790A-9B8C-41AE-A288-5E7BBBBBB439}.Debug|iPhone.Build.0 = Debug|Any CPU
		{DFAB790A-9B8C-41AE-A288-5E7BBBBBB439}.Debug|iPhoneSimulator.ActiveCfg = Debug|Any CPU
		{DFAB790A-9B8C-41AE-A288-5E7BBBBBB439}.Debug|iPhoneSimulator.Build.0 = Debug|Any CPU
		{DFAB790A-9B8C-41AE-A288-5E7BBBBBB439}.Debug|x64.ActiveCfg = Debug|Any CPU
		{DFAB790A-9B8C-41AE-A288-5E7BBBBBB439}.Debug|x64.Build.0 = Debug|Any CPU
		{DFAB790A-9B8C-41AE-A288-5E7BBBBBB439}.Debug|x86.ActiveCfg = Debug|Any CPU
		{DFAB790A-9B8C-41AE-A288-5E7BBBBBB439}.Debug|x86.Build.0 = Debug|Any CPU
		{DFAB790A-9B8C-41AE-A288-5E7BBBBBB439}.Release|Any CPU.ActiveCfg = Release|Any CPU
		{DFAB790A-9B8C-41AE-A288-5E7BBBBBB439}.Release|Any CPU.Build.0 = Release|Any CPU
		{DFAB790A-9B8C-41AE-A288-5E7BBBBBB439}.Release|ARM.ActiveCfg = Release|Any CPU
		{DFAB790A-9B8C-41AE-A288-5E7BBBBBB439}.Release|ARM.Build.0 = Release|Any CPU
		{DFAB790A-9B8C-41AE-A288-5E7BBBBBB439}.Release|iPhone.ActiveCfg = Release|Any CPU
		{DFAB790A-9B8C-41AE-A288-5E7BBBBBB439}.Release|iPhone.Build.0 = Release|Any CPU
		{DFAB790A-9B8C-41AE-A288-5E7BBBBBB439}.Release|iPhoneSimulator.ActiveCfg = Release|Any CPU
		{DFAB790A-9B8C-41AE-A288-5E7BBBBBB439}.Release|iPhoneSimulator.Build.0 = Release|Any CPU
		{DFAB790A-9B8C-41AE-A288-5E7BBBBBB439}.Release|x64.ActiveCfg = Release|Any CPU
		{DFAB790A-9B8C-41AE-A288-5E7BBBBBB439}.Release|x64.Build.0 = Release|Any CPU
		{DFAB790A-9B8C-41AE-A288-5E7BBBBBB439}.Release|x86.ActiveCfg = Release|Any CPU
		{DFAB790A-9B8C-41AE-A288-5E7BBBBBB439}.Release|x86.Build.0 = Release|Any CPU
		{72D43C52-E69A-491F-8EBF-24AD1849C618}.Ad-Hoc|Any CPU.ActiveCfg = Release|Any CPU
		{72D43C52-E69A-491F-8EBF-24AD1849C618}.Ad-Hoc|Any CPU.Build.0 = Release|Any CPU
		{72D43C52-E69A-491F-8EBF-24AD1849C618}.Ad-Hoc|ARM.ActiveCfg = Release|Any CPU
		{72D43C52-E69A-491F-8EBF-24AD1849C618}.Ad-Hoc|ARM.Build.0 = Release|Any CPU
		{72D43C52-E69A-491F-8EBF-24AD1849C618}.Ad-Hoc|iPhone.ActiveCfg = Release|Any CPU
		{72D43C52-E69A-491F-8EBF-24AD1849C618}.Ad-Hoc|iPhone.Build.0 = Release|Any CPU
		{72D43C52-E69A-491F-8EBF-24AD1849C618}.Ad-Hoc|iPhoneSimulator.ActiveCfg = Release|Any CPU
		{72D43C52-E69A-491F-8EBF-24AD1849C618}.Ad-Hoc|iPhoneSimulator.Build.0 = Release|Any CPU
		{72D43C52-E69A-491F-8EBF-24AD1849C618}.Ad-Hoc|x64.ActiveCfg = Release|Any CPU
		{72D43C52-E69A-491F-8EBF-24AD1849C618}.Ad-Hoc|x64.Build.0 = Release|Any CPU
		{72D43C52-E69A-491F-8EBF-24AD1849C618}.Ad-Hoc|x86.ActiveCfg = Release|Any CPU
		{72D43C52-E69A-491F-8EBF-24AD1849C618}.Ad-Hoc|x86.Build.0 = Release|Any CPU
		{72D43C52-E69A-491F-8EBF-24AD1849C618}.AppStore|Any CPU.ActiveCfg = Release|Any CPU
		{72D43C52-E69A-491F-8EBF-24AD1849C618}.AppStore|Any CPU.Build.0 = Release|Any CPU
		{72D43C52-E69A-491F-8EBF-24AD1849C618}.AppStore|ARM.ActiveCfg = Release|Any CPU
		{72D43C52-E69A-491F-8EBF-24AD1849C618}.AppStore|ARM.Build.0 = Release|Any CPU
		{72D43C52-E69A-491F-8EBF-24AD1849C618}.AppStore|iPhone.ActiveCfg = Release|Any CPU
		{72D43C52-E69A-491F-8EBF-24AD1849C618}.AppStore|iPhone.Build.0 = Release|Any CPU
		{72D43C52-E69A-491F-8EBF-24AD1849C618}.AppStore|iPhoneSimulator.ActiveCfg = Release|Any CPU
		{72D43C52-E69A-491F-8EBF-24AD1849C618}.AppStore|iPhoneSimulator.Build.0 = Release|Any CPU
		{72D43C52-E69A-491F-8EBF-24AD1849C618}.AppStore|x64.ActiveCfg = Release|Any CPU
		{72D43C52-E69A-491F-8EBF-24AD1849C618}.AppStore|x64.Build.0 = Release|Any CPU
		{72D43C52-E69A-491F-8EBF-24AD1849C618}.AppStore|x86.ActiveCfg = Release|Any CPU
		{72D43C52-E69A-491F-8EBF-24AD1849C618}.AppStore|x86.Build.0 = Release|Any CPU
		{72D43C52-E69A-491F-8EBF-24AD1849C618}.Debug|Any CPU.ActiveCfg = Debug|Any CPU
		{72D43C52-E69A-491F-8EBF-24AD1849C618}.Debug|Any CPU.Build.0 = Debug|Any CPU
		{72D43C52-E69A-491F-8EBF-24AD1849C618}.Debug|ARM.ActiveCfg = Debug|Any CPU
		{72D43C52-E69A-491F-8EBF-24AD1849C618}.Debug|ARM.Build.0 = Debug|Any CPU
		{72D43C52-E69A-491F-8EBF-24AD1849C618}.Debug|iPhone.ActiveCfg = Debug|Any CPU
		{72D43C52-E69A-491F-8EBF-24AD1849C618}.Debug|iPhone.Build.0 = Debug|Any CPU
		{72D43C52-E69A-491F-8EBF-24AD1849C618}.Debug|iPhoneSimulator.ActiveCfg = Debug|Any CPU
		{72D43C52-E69A-491F-8EBF-24AD1849C618}.Debug|iPhoneSimulator.Build.0 = Debug|Any CPU
		{72D43C52-E69A-491F-8EBF-24AD1849C618}.Debug|x64.ActiveCfg = Debug|Any CPU
		{72D43C52-E69A-491F-8EBF-24AD1849C618}.Debug|x64.Build.0 = Debug|Any CPU
		{72D43C52-E69A-491F-8EBF-24AD1849C618}.Debug|x86.ActiveCfg = Debug|Any CPU
		{72D43C52-E69A-491F-8EBF-24AD1849C618}.Debug|x86.Build.0 = Debug|Any CPU
		{72D43C52-E69A-491F-8EBF-24AD1849C618}.Release|Any CPU.ActiveCfg = Release|Any CPU
		{72D43C52-E69A-491F-8EBF-24AD1849C618}.Release|Any CPU.Build.0 = Release|Any CPU
		{72D43C52-E69A-491F-8EBF-24AD1849C618}.Release|ARM.ActiveCfg = Release|Any CPU
		{72D43C52-E69A-491F-8EBF-24AD1849C618}.Release|ARM.Build.0 = Release|Any CPU
		{72D43C52-E69A-491F-8EBF-24AD1849C618}.Release|iPhone.ActiveCfg = Release|Any CPU
		{72D43C52-E69A-491F-8EBF-24AD1849C618}.Release|iPhone.Build.0 = Release|Any CPU
		{72D43C52-E69A-491F-8EBF-24AD1849C618}.Release|iPhoneSimulator.ActiveCfg = Release|Any CPU
		{72D43C52-E69A-491F-8EBF-24AD1849C618}.Release|iPhoneSimulator.Build.0 = Release|Any CPU
		{72D43C52-E69A-491F-8EBF-24AD1849C618}.Release|x64.ActiveCfg = Release|Any CPU
		{72D43C52-E69A-491F-8EBF-24AD1849C618}.Release|x64.Build.0 = Release|Any CPU
		{72D43C52-E69A-491F-8EBF-24AD1849C618}.Release|x86.ActiveCfg = Release|Any CPU
		{72D43C52-E69A-491F-8EBF-24AD1849C618}.Release|x86.Build.0 = Release|Any CPU
		{98C76BEC-27FF-4F80-9343-13ECEA5FDACE}.Ad-Hoc|Any CPU.ActiveCfg = Release|Any CPU
		{98C76BEC-27FF-4F80-9343-13ECEA5FDACE}.Ad-Hoc|Any CPU.Build.0 = Release|Any CPU
		{98C76BEC-27FF-4F80-9343-13ECEA5FDACE}.Ad-Hoc|ARM.ActiveCfg = Release|Any CPU
		{98C76BEC-27FF-4F80-9343-13ECEA5FDACE}.Ad-Hoc|ARM.Build.0 = Release|Any CPU
		{98C76BEC-27FF-4F80-9343-13ECEA5FDACE}.Ad-Hoc|iPhone.ActiveCfg = Release|Any CPU
		{98C76BEC-27FF-4F80-9343-13ECEA5FDACE}.Ad-Hoc|iPhone.Build.0 = Release|Any CPU
		{98C76BEC-27FF-4F80-9343-13ECEA5FDACE}.Ad-Hoc|iPhoneSimulator.ActiveCfg = Release|Any CPU
		{98C76BEC-27FF-4F80-9343-13ECEA5FDACE}.Ad-Hoc|iPhoneSimulator.Build.0 = Release|Any CPU
		{98C76BEC-27FF-4F80-9343-13ECEA5FDACE}.Ad-Hoc|x64.ActiveCfg = Release|Any CPU
		{98C76BEC-27FF-4F80-9343-13ECEA5FDACE}.Ad-Hoc|x64.Build.0 = Release|Any CPU
		{98C76BEC-27FF-4F80-9343-13ECEA5FDACE}.Ad-Hoc|x86.ActiveCfg = Release|Any CPU
		{98C76BEC-27FF-4F80-9343-13ECEA5FDACE}.Ad-Hoc|x86.Build.0 = Release|Any CPU
		{98C76BEC-27FF-4F80-9343-13ECEA5FDACE}.AppStore|Any CPU.ActiveCfg = Release|Any CPU
		{98C76BEC-27FF-4F80-9343-13ECEA5FDACE}.AppStore|Any CPU.Build.0 = Release|Any CPU
		{98C76BEC-27FF-4F80-9343-13ECEA5FDACE}.AppStore|ARM.ActiveCfg = Release|Any CPU
		{98C76BEC-27FF-4F80-9343-13ECEA5FDACE}.AppStore|ARM.Build.0 = Release|Any CPU
		{98C76BEC-27FF-4F80-9343-13ECEA5FDACE}.AppStore|iPhone.ActiveCfg = Release|Any CPU
		{98C76BEC-27FF-4F80-9343-13ECEA5FDACE}.AppStore|iPhone.Build.0 = Release|Any CPU
		{98C76BEC-27FF-4F80-9343-13ECEA5FDACE}.AppStore|iPhoneSimulator.ActiveCfg = Release|Any CPU
		{98C76BEC-27FF-4F80-9343-13ECEA5FDACE}.AppStore|iPhoneSimulator.Build.0 = Release|Any CPU
		{98C76BEC-27FF-4F80-9343-13ECEA5FDACE}.AppStore|x64.ActiveCfg = Release|Any CPU
		{98C76BEC-27FF-4F80-9343-13ECEA5FDACE}.AppStore|x64.Build.0 = Release|Any CPU
		{98C76BEC-27FF-4F80-9343-13ECEA5FDACE}.AppStore|x86.ActiveCfg = Release|Any CPU
		{98C76BEC-27FF-4F80-9343-13ECEA5FDACE}.AppStore|x86.Build.0 = Release|Any CPU
		{98C76BEC-27FF-4F80-9343-13ECEA5FDACE}.Debug|Any CPU.ActiveCfg = Debug|Any CPU
		{98C76BEC-27FF-4F80-9343-13ECEA5FDACE}.Debug|Any CPU.Build.0 = Debug|Any CPU
		{98C76BEC-27FF-4F80-9343-13ECEA5FDACE}.Debug|ARM.ActiveCfg = Debug|Any CPU
		{98C76BEC-27FF-4F80-9343-13ECEA5FDACE}.Debug|ARM.Build.0 = Debug|Any CPU
		{98C76BEC-27FF-4F80-9343-13ECEA5FDACE}.Debug|iPhone.ActiveCfg = Debug|Any CPU
		{98C76BEC-27FF-4F80-9343-13ECEA5FDACE}.Debug|iPhone.Build.0 = Debug|Any CPU
		{98C76BEC-27FF-4F80-9343-13ECEA5FDACE}.Debug|iPhoneSimulator.ActiveCfg = Debug|Any CPU
		{98C76BEC-27FF-4F80-9343-13ECEA5FDACE}.Debug|iPhoneSimulator.Build.0 = Debug|Any CPU
		{98C76BEC-27FF-4F80-9343-13ECEA5FDACE}.Debug|x64.ActiveCfg = Debug|Any CPU
		{98C76BEC-27FF-4F80-9343-13ECEA5FDACE}.Debug|x64.Build.0 = Debug|Any CPU
		{98C76BEC-27FF-4F80-9343-13ECEA5FDACE}.Debug|x86.ActiveCfg = Debug|Any CPU
		{98C76BEC-27FF-4F80-9343-13ECEA5FDACE}.Debug|x86.Build.0 = Debug|Any CPU
		{98C76BEC-27FF-4F80-9343-13ECEA5FDACE}.Release|Any CPU.ActiveCfg = Release|Any CPU
		{98C76BEC-27FF-4F80-9343-13ECEA5FDACE}.Release|Any CPU.Build.0 = Release|Any CPU
		{98C76BEC-27FF-4F80-9343-13ECEA5FDACE}.Release|ARM.ActiveCfg = Release|Any CPU
		{98C76BEC-27FF-4F80-9343-13ECEA5FDACE}.Release|ARM.Build.0 = Release|Any CPU
		{98C76BEC-27FF-4F80-9343-13ECEA5FDACE}.Release|iPhone.ActiveCfg = Release|Any CPU
		{98C76BEC-27FF-4F80-9343-13ECEA5FDACE}.Release|iPhone.Build.0 = Release|Any CPU
		{98C76BEC-27FF-4F80-9343-13ECEA5FDACE}.Release|iPhoneSimulator.ActiveCfg = Release|Any CPU
		{98C76BEC-27FF-4F80-9343-13ECEA5FDACE}.Release|iPhoneSimulator.Build.0 = Release|Any CPU
		{98C76BEC-27FF-4F80-9343-13ECEA5FDACE}.Release|x64.ActiveCfg = Release|Any CPU
		{98C76BEC-27FF-4F80-9343-13ECEA5FDACE}.Release|x64.Build.0 = Release|Any CPU
		{98C76BEC-27FF-4F80-9343-13ECEA5FDACE}.Release|x86.ActiveCfg = Release|Any CPU
		{98C76BEC-27FF-4F80-9343-13ECEA5FDACE}.Release|x86.Build.0 = Release|Any CPU
		{56D0367F-2465-4615-AE68-6D3EA90459FF}.Ad-Hoc|Any CPU.ActiveCfg = Release|Any CPU
		{56D0367F-2465-4615-AE68-6D3EA90459FF}.Ad-Hoc|Any CPU.Build.0 = Release|Any CPU
		{56D0367F-2465-4615-AE68-6D3EA90459FF}.Ad-Hoc|ARM.ActiveCfg = Release|Any CPU
		{56D0367F-2465-4615-AE68-6D3EA90459FF}.Ad-Hoc|ARM.Build.0 = Release|Any CPU
		{56D0367F-2465-4615-AE68-6D3EA90459FF}.Ad-Hoc|iPhone.ActiveCfg = Release|Any CPU
		{56D0367F-2465-4615-AE68-6D3EA90459FF}.Ad-Hoc|iPhone.Build.0 = Release|Any CPU
		{56D0367F-2465-4615-AE68-6D3EA90459FF}.Ad-Hoc|iPhoneSimulator.ActiveCfg = Release|Any CPU
		{56D0367F-2465-4615-AE68-6D3EA90459FF}.Ad-Hoc|iPhoneSimulator.Build.0 = Release|Any CPU
		{56D0367F-2465-4615-AE68-6D3EA90459FF}.Ad-Hoc|x64.ActiveCfg = Release|Any CPU
		{56D0367F-2465-4615-AE68-6D3EA90459FF}.Ad-Hoc|x64.Build.0 = Release|Any CPU
		{56D0367F-2465-4615-AE68-6D3EA90459FF}.Ad-Hoc|x86.ActiveCfg = Release|Any CPU
		{56D0367F-2465-4615-AE68-6D3EA90459FF}.Ad-Hoc|x86.Build.0 = Release|Any CPU
		{56D0367F-2465-4615-AE68-6D3EA90459FF}.AppStore|Any CPU.ActiveCfg = Release|Any CPU
		{56D0367F-2465-4615-AE68-6D3EA90459FF}.AppStore|Any CPU.Build.0 = Release|Any CPU
		{56D0367F-2465-4615-AE68-6D3EA90459FF}.AppStore|ARM.ActiveCfg = Release|Any CPU
		{56D0367F-2465-4615-AE68-6D3EA90459FF}.AppStore|ARM.Build.0 = Release|Any CPU
		{56D0367F-2465-4615-AE68-6D3EA90459FF}.AppStore|iPhone.ActiveCfg = Release|Any CPU
		{56D0367F-2465-4615-AE68-6D3EA90459FF}.AppStore|iPhone.Build.0 = Release|Any CPU
		{56D0367F-2465-4615-AE68-6D3EA90459FF}.AppStore|iPhoneSimulator.ActiveCfg = Release|Any CPU
		{56D0367F-2465-4615-AE68-6D3EA90459FF}.AppStore|iPhoneSimulator.Build.0 = Release|Any CPU
		{56D0367F-2465-4615-AE68-6D3EA90459FF}.AppStore|x64.ActiveCfg = Release|Any CPU
		{56D0367F-2465-4615-AE68-6D3EA90459FF}.AppStore|x64.Build.0 = Release|Any CPU
		{56D0367F-2465-4615-AE68-6D3EA90459FF}.AppStore|x86.ActiveCfg = Release|Any CPU
		{56D0367F-2465-4615-AE68-6D3EA90459FF}.AppStore|x86.Build.0 = Release|Any CPU
		{56D0367F-2465-4615-AE68-6D3EA90459FF}.Debug|Any CPU.ActiveCfg = Debug|Any CPU
		{56D0367F-2465-4615-AE68-6D3EA90459FF}.Debug|Any CPU.Build.0 = Debug|Any CPU
		{56D0367F-2465-4615-AE68-6D3EA90459FF}.Debug|ARM.ActiveCfg = Debug|Any CPU
		{56D0367F-2465-4615-AE68-6D3EA90459FF}.Debug|ARM.Build.0 = Debug|Any CPU
		{56D0367F-2465-4615-AE68-6D3EA90459FF}.Debug|iPhone.ActiveCfg = Debug|Any CPU
		{56D0367F-2465-4615-AE68-6D3EA90459FF}.Debug|iPhone.Build.0 = Debug|Any CPU
		{56D0367F-2465-4615-AE68-6D3EA90459FF}.Debug|iPhoneSimulator.ActiveCfg = Debug|Any CPU
		{56D0367F-2465-4615-AE68-6D3EA90459FF}.Debug|iPhoneSimulator.Build.0 = Debug|Any CPU
		{56D0367F-2465-4615-AE68-6D3EA90459FF}.Debug|x64.ActiveCfg = Debug|Any CPU
		{56D0367F-2465-4615-AE68-6D3EA90459FF}.Debug|x64.Build.0 = Debug|Any CPU
		{56D0367F-2465-4615-AE68-6D3EA90459FF}.Debug|x86.ActiveCfg = Debug|Any CPU
		{56D0367F-2465-4615-AE68-6D3EA90459FF}.Debug|x86.Build.0 = Debug|Any CPU
		{56D0367F-2465-4615-AE68-6D3EA90459FF}.Release|Any CPU.ActiveCfg = Release|Any CPU
		{56D0367F-2465-4615-AE68-6D3EA90459FF}.Release|Any CPU.Build.0 = Release|Any CPU
		{56D0367F-2465-4615-AE68-6D3EA90459FF}.Release|ARM.ActiveCfg = Release|Any CPU
		{56D0367F-2465-4615-AE68-6D3EA90459FF}.Release|ARM.Build.0 = Release|Any CPU
		{56D0367F-2465-4615-AE68-6D3EA90459FF}.Release|iPhone.ActiveCfg = Release|Any CPU
		{56D0367F-2465-4615-AE68-6D3EA90459FF}.Release|iPhone.Build.0 = Release|Any CPU
		{56D0367F-2465-4615-AE68-6D3EA90459FF}.Release|iPhoneSimulator.ActiveCfg = Release|Any CPU
		{56D0367F-2465-4615-AE68-6D3EA90459FF}.Release|iPhoneSimulator.Build.0 = Release|Any CPU
		{56D0367F-2465-4615-AE68-6D3EA90459FF}.Release|x64.ActiveCfg = Release|Any CPU
		{56D0367F-2465-4615-AE68-6D3EA90459FF}.Release|x64.Build.0 = Release|Any CPU
		{56D0367F-2465-4615-AE68-6D3EA90459FF}.Release|x86.ActiveCfg = Release|Any CPU
		{56D0367F-2465-4615-AE68-6D3EA90459FF}.Release|x86.Build.0 = Release|Any CPU
	EndGlobalSection
	GlobalSection(SolutionProperties) = preSolution
		HideSolutionNode = FALSE
	EndGlobalSection
EndGlobal
