
Microsoft Visual Studio Solution File, Format Version 12.00
# Visual Studio 14
VisualStudioVersion = 14.0.25123.0
MinimumVisualStudioVersion = 10.0.40219.1
Project("{FAE04EC0-301F-11D3-BF4B-00C04F79EFBC}") = "DanceServiceMVC", "DanceServiceMVC\DanceServiceMVC.csproj", "{2369CC5C-A000-4957-88FD-C57C3C06A233}"
EndProject
Project("{FAE04EC0-301F-11D3-BF4B-00C04F79EFBC}") = "DanceServiceWebApi", "DanceServiceWebApi\DanceServiceWebApi.csproj", "{1DABEC48-070F-4B51-8EDC-24E96622D030}"
EndProject
Project("{FAE04EC0-301F-11D3-BF4B-00C04F79EFBC}") = "DanceServiceWPF", "DanceServiceWPF\DanceServiceWPF.csproj", "{5D182EE1-009F-4D2F-A183-7B39CC39F562}"
EndProject
Project("{FAE04EC0-301F-11D3-BF4B-00C04F79EFBC}") = "DanceServiceModel", "DanceServiceModel\DanceServiceModel.csproj", "{DFAB790A-9B8C-41AE-A288-5E7BBBBBB439}"
EndProject
Global
	GlobalSection(SolutionConfigurationPlatforms) = preSolution
		Ad-Hoc|Any CPU = Ad-Hoc|Any CPU
		Ad-Hoc|ARM = Ad-Hoc|ARM
		Ad-Hoc|iPhone = Ad-Hoc|iPhone
		Ad-Hoc|iPhoneSimulator = Ad-Hoc|iPhoneSimulator
		Ad-Hoc|x64 = Ad-Hoc|x64
		Ad-Hoc|x86 = Ad-Hoc|x86
		AppStore|Any CPU = AppStore|Any CPU
		AppStore|ARM = AppStore|ARM
		AppStore|iPhone = AppStore|iPhone
		AppStore|iPhoneSimulator = AppStore|iPhoneSimulator
		AppStore|x64 = AppStore|x64
		AppStore|x86 = AppStore|x86
		Debug|Any CPU = Debug|Any CPU
		Debug|ARM = Debug|ARM
		Debug|iPhone = Debug|iPhone
		Debug|iPhoneSimulator = Debug|iPhoneSimulator
		Debug|x64 = Debug|x64
		Debug|x86 = Debug|x86
		Release|Any CPU = Release|Any CPU
		Release|ARM = Release|ARM
		Release|iPhone = Release|iPhone
		Release|iPhoneSimulator = Release|iPhoneSimulator
		Release|x64 = Release|x64
		Release|x86 = Release|x86
	EndGlobalSection
	GlobalSection(ProjectConfigurationPlatforms) = postSolution
		{2369CC5C-A000-4957-88FD-C57C3C06A233}.Ad-Hoc|Any CPU.ActiveCfg = Release|Any CPU
		{2369CC5C-A000-4957-88FD-C57C3C06A233}.Ad-Hoc|Any CPU.Build.0 = Release|Any CPU
		{2369CC5C-A000-4957-88FD-C57C3C06A233}.Ad-Hoc|ARM.ActiveCfg = Release|Any CPU
		{2369CC5C-A000-4957-88FD-C57C3C06A233}.Ad-Hoc|ARM.Build.0 = Release|Any CPU
		{2369CC5C-A000-4957-88FD-C57C3C06A233}.Ad-Hoc|iPhone.ActiveCfg = Release|Any CPU
		{2369CC5C-A000-4957-88FD-C57C3C06A233}.Ad-Hoc|iPhone.Build.0 = Release|Any CPU
		{2369CC5C-A000-4957-88FD-C57C3C06A233}.Ad-Hoc|iPhoneSimulator.ActiveCfg = Release|Any CPU
		{2369CC5C-A000-4957-88FD-C57C3C06A233}.Ad-Hoc|iPhoneSimulator.Build.0 = Release|Any CPU
		{2369CC5C-A000-4957-88FD-C57C3C06A233}.Ad-Hoc|x64.ActiveCfg = Release|Any CPU
		{2369CC5C-A000-4957-88FD-C57C3C06A233}.Ad-Hoc|x64.Build.0 = Release|Any CPU
		{2369CC5C-A000-4957-88FD-C57C3C06A233}.Ad-Hoc|x86.ActiveCfg = Release|Any CPU
		{2369CC5C-A000-4957-88FD-C57C3C06A233}.Ad-Hoc|x86.Build.0 = Release|Any CPU
		{2369CC5C-A000-4957-88FD-C57C3C06A233}.AppStore|Any CPU.ActiveCfg = Release|Any CPU
		{2369CC5C-A000-4957-88FD-C57C3C06A233}.AppStore|Any CPU.Build.0 = Release|Any CPU
		{2369CC5C-A000-4957-88FD-C57C3C06A233}.AppStore|ARM.ActiveCfg = Release|Any CPU
		{2369CC5C-A000-4957-88FD-C57C3C06A233}.AppStore|ARM.Build.0 = Release|Any CPU
		{2369CC5C-A000-4957-88FD-C57C3C06A233}.AppStore|iPhone.ActiveCfg = Release|Any CPU
		{2369CC5C-A000-4957-88FD-C57C3C06A233}.AppStore|iPhone.Build.0 = Release|Any CPU
		{2369CC5C-A000-4957-88FD-C57C3C06A233}.AppStore|iPhoneSimulator.ActiveCfg = Release|Any CPU
		{2369CC5C-A000-4957-88FD-C57C3C06A233}.AppStore|iPhoneSimulator.Build.0 = Release|Any CPU
		{2369CC5C-A000-4957-88FD-C57C3C06A233}.AppStore|x64.ActiveCfg = Release|Any CPU
		{2369CC5C-A000-4957-88FD-C57C3C06A233}.AppStore|x64.Build.0 = Release|Any CPU
		{2369CC5C-A000-4957-88FD-C57C3C06A233}.AppStore|x86.ActiveCfg = Release|Any CPU
		{2369CC5C-A000-4957-88FD-C57C3C06A233}.AppStore|x86.Build.0 = Release|Any CPU
		{2369CC5C-A000-4957-88FD-C57C3C06A233}.Debug|Any CPU.ActiveCfg = Debug|Any CPU
		{2369CC5C-A000-4957-88FD-C57C3C06A233}.Debug|Any CPU.Build.0 = Debug|Any CPU
		{2369CC5C-A000-4957-88FD-C57C3C06A233}.Debug|ARM.ActiveCfg = Debug|Any CPU
		{2369CC5C-A000-4957-88FD-C57C3C06A233}.Debug|ARM.Build.0 = Debug|Any CPU
		{2369CC5C-A000-4957-88FD-C57C3C06A233}.Debug|iPhone.ActiveCfg = Debug|Any CPU
		{2369CC5C-A000-4957-88FD-C57C3C06A233}.Debug|iPhone.Build.0 = Debug|Any CPU
		{2369CC5C-A000-4957-88FD-C57C3C06A233}.Debug|iPhoneSimulator.ActiveCfg = Debug|Any CPU
		{2369CC5C-A000-4957-88FD-C57C3C06A233}.Debug|iPhoneSimulator.Build.0 = Debug|Any CPU
		{2369CC5C-A000-4957-88FD-C57C3C06A233}.Debug|x64.ActiveCfg = Debug|Any CPU
		{2369CC5C-A000-4957-88FD-C57C3C06A233}.Debug|x64.Build.0 = Debug|Any CPU
		{2369CC5C-A000-4957-88FD-C57C3C06A233}.Debug|x86.ActiveCfg = Debug|Any CPU
		{2369CC5C-A000-4957-88FD-C57C3C06A233}.Debug|x86.Build.0 = Debug|Any CPU
		{2369CC5C-A000-4957-88FD-C57C3C06A233}.Release|Any CPU.ActiveCfg = Release|Any CPU
		{2369CC5C-A000-4957-88FD-C57C3C06A233}.Release|Any CPU.Build.0 = Release|Any CPU
		{2369CC5C-A000-4957-88FD-C57C3C06A233}.Release|ARM.ActiveCfg = Release|Any CPU
		{2369CC5C-A000-4957-88FD-C57C3C06A233}.Release|ARM.Build.0 = Release|Any CPU
		{2369CC5C-A000-4957-88FD-C57C3C06A233}.Release|iPhone.ActiveCfg = Release|Any CPU
		{2369CC5C-A000-4957-88FD-C57C3C06A233}.Release|iPhone.Build.0 = Release|Any CPU
		{2369CC5C-A000-4957-88FD-C57C3C06A233}.Release|iPhoneSimulator.ActiveCfg = Release|Any CPU
		{2369CC5C-A000-4957-88FD-C57C3C06A233}.Release|iPhoneSimulator.Build.0 = Release|Any CPU
		{2369CC5C-A000-4957-88FD-C57C3C06A233}.Release|x64.ActiveCfg = Release|Any CPU
		{2369CC5C-A000-4957-88FD-C57C3C06A233}.Release|x64.Build.0 = Release|Any CPU
		{2369CC5C-A000-4957-88FD-C57C3C06A233}.Release|x86.ActiveCfg = Release|Any CPU
		{2369CC5C-A000-4957-88FD-C57C3C06A233}.Release|x86.Build.0 = Release|Any CPU
		{1DABEC48-070F-4B51-8EDC-24E96622D030}.Ad-Hoc|Any CPU.ActiveCfg = Release|Any CPU
		{1DABEC48-070F-4B51-8EDC-24E96622D030}.Ad-Hoc|Any CPU.Build.0 = Release|Any CPU
		{1DABEC48-070F-4B51-8EDC-24E96622D030}.Ad-Hoc|ARM.ActiveCfg = Release|Any CPU
		{1DABEC48-070F-4B51-8EDC-24E96622D030}.Ad-Hoc|ARM.Build.0 = Release|Any CPU
		{1DABEC48-070F-4B51-8EDC-24E96622D030}.Ad-Hoc|iPhone.ActiveCfg = Release|Any CPU
		{1DABEC48-070F-4B51-8EDC-24E96622D030}.Ad-Hoc|iPhone.Build.0 = Release|Any CPU
		{1DABEC48-070F-4B51-8EDC-24E96622D030}.Ad-Hoc|iPhoneSimulator.ActiveCfg = Release|Any CPU
		{1DABEC48-070F-4B51-8EDC-24E96622D030}.Ad-Hoc|iPhoneSimulator.Build.0 = Release|Any CPU
		{1DABEC48-070F-4B51-8EDC-24E96622D030}.Ad-Hoc|x64.ActiveCfg = Release|Any CPU
		{1DABEC48-070F-4B51-8EDC-24E96622D030}.Ad-Hoc|x64.Build.0 = Release|Any CPU
		{1DABEC48-070F-4B51-8EDC-24E96622D030}.Ad-Hoc|x86.ActiveCfg = Release|Any CPU
		{1DABEC48-070F-4B51-8EDC-24E96622D030}.Ad-Hoc|x86.Build.0 = Release|Any CPU
		{1DABEC48-070F-4B51-8EDC-24E96622D030}.AppStore|Any CPU.ActiveCfg = Release|Any CPU
		{1DABEC48-070F-4B51-8EDC-24E96622D030}.AppStore|Any CPU.Build.0 = Release|Any CPU
		{1DABEC48-070F-4B51-8EDC-24E96622D030}.AppStore|ARM.ActiveCfg = Release|Any CPU
		{1DABEC48-070F-4B51-8EDC-24E96622D030}.AppStore|ARM.Build.0 = Release|Any CPU
		{1DABEC48-070F-4B51-8EDC-24E96622D030}.AppStore|iPhone.ActiveCfg = Release|Any CPU
		{1DABEC48-070F-4B51-8EDC-24E96622D030}.AppStore|iPhone.Build.0 = Release|Any CPU
		{1DABEC48-070F-4B51-8EDC-24E96622D030}.AppStore|iPhoneSimulator.ActiveCfg = Release|Any CPU
		{1DABEC48-070F-4B51-8EDC-24E96622D030}.AppStore|iPhoneSimulator.Build.0 = Release|Any CPU
		{1DABEC48-070F-4B51-8EDC-24E96622D030}.AppStore|x64.ActiveCfg = Release|Any CPU
		{1DABEC48-070F-4B51-8EDC-24E96622D030}.AppStore|x64.Build.0 = Release|Any CPU
		{1DABEC48-070F-4B51-8EDC-24E96622D030}.AppStore|x86.ActiveCfg = Release|Any CPU
		{1DABEC48-070F-4B51-8EDC-24E96622D030}.AppStore|x86.Build.0 = Release|Any CPU
		{1DABEC48-070F-4B51-8EDC-24E96622D030}.Debug|Any CPU.ActiveCfg = Debug|Any CPU
		{1DABEC48-070F-4B51-8EDC-24E96622D030}.Debug|Any CPU.Build.0 = Debug|Any CPU
		{1DABEC48-070F-4B51-8EDC-24E96622D030}.Debug|ARM.ActiveCfg = Debug|Any CPU
		{1DABEC48-070F-4B51-8EDC-24E96622D030}.Debug|ARM.Build.0 = Debug|Any CPU
		{1DABEC48-070F-4B51-8EDC-24E96622D030}.Debug|iPhone.ActiveCfg = Debug|Any CPU
		{1DABEC48-070F-4B51-8EDC-24E96622D030}.Debug|iPhone.Build.0 = Debug|Any CPU
		{1DABEC48-070F-4B51-8EDC-24E96622D030}.Debug|iPhoneSimulator.ActiveCfg = Debug|Any CPU
		{1DABEC48-070F-4B51-8EDC-24E96622D030}.Debug|iPhoneSimulator.Build.0 = Debug|Any CPU
		{1DABEC48-070F-4B51-8EDC-24E96622D030}.Debug|x64.ActiveCfg = Debug|Any CPU
		{1DABEC48-070F-4B51-8EDC-24E96622D030}.Debug|x64.Build.0 = Debug|Any CPU
		{1DABEC48-070F-4B51-8EDC-24E96622D030}.Debug|x86.ActiveCfg = Debug|Any CPU
		{1DABEC48-070F-4B51-8EDC-24E96622D030}.Debug|x86.Build.0 = Debug|Any CPU
		{1DABEC48-070F-4B51-8EDC-24E96622D030}.Release|Any CPU.ActiveCfg = Release|Any CPU
		{1DABEC48-070F-4B51-8EDC-24E96622D030}.Release|Any CPU.Build.0 = Release|Any CPU
		{1DABEC48-070F-4B51-8EDC-24E96622D030}.Release|ARM.ActiveCfg = Release|Any CPU
		{1DABEC48-070F-4B51-8EDC-24E96622D030}.Release|ARM.Build.0 = Release|Any CPU
		{1DABEC48-070F-4B51-8EDC-24E96622D030}.Release|iPhone.ActiveCfg = Release|Any CPU
		{1DABEC48-070F-4B51-8EDC-24E96622D030}.Release|iPhone.Build.0 = Release|Any CPU
		{1DABEC48-070F-4B51-8EDC-24E96622D030}.Release|iPhoneSimulator.ActiveCfg = Release|Any CPU
		{1DABEC48-070F-4B51-8EDC-24E96622D030}.Release|iPhoneSimulator.Build.0 = Release|Any CPU
		{1DABEC48-070F-4B51-8EDC-24E96622D030}.Release|x64.ActiveCfg = Release|Any CPU
		{1DABEC48-070F-4B51-8EDC-24E96622D030}.Release|x64.Build.0 = Release|Any CPU
		{1DABEC48-070F-4B51-8EDC-24E96622D030}.Release|x86.ActiveCfg = Release|Any CPU
		{1DABEC48-070F-4B51-8EDC-24E96622D030}.Release|x86.Build.0 = Release|Any CPU
		{5D182EE1-009F-4D2F-A183-7B39CC39F562}.Ad-Hoc|Any CPU.ActiveCfg = Release|Any CPU
		{5D182EE1-009F-4D2F-A183-7B39CC39F562}.Ad-Hoc|Any CPU.Build.0 = Release|Any CPU
		{5D182EE1-009F-4D2F-A183-7B39CC39F562}.Ad-Hoc|ARM.ActiveCfg = Release|Any CPU
		{5D182EE1-009F-4D2F-A183-7B39CC39F562}.Ad-Hoc|ARM.Build.0 = Release|Any CPU
		{5D182EE1-009F-4D2F-A183-7B39CC39F562}.Ad-Hoc|iPhone.ActiveCfg = Release|Any CPU
		{5D182EE1-009F-4D2F-A183-7B39CC39F562}.Ad-Hoc|iPhone.Build.0 = Release|Any CPU
		{5D182EE1-009F-4D2F-A183-7B39CC39F562}.Ad-Hoc|iPhoneSimulator.ActiveCfg = Release|Any CPU
		{5D182EE1-009F-4D2F-A183-7B39CC39F562}.Ad-Hoc|iPhoneSimulator.Build.0 = Release|Any CPU
		{5D182EE1-009F-4D2F-A183-7B39CC39F562}.Ad-Hoc|x64.ActiveCfg = Release|Any CPU
		{5D182EE1-009F-4D2F-A183-7B39CC39F562}.Ad-Hoc|x64.Build.0 = Release|Any CPU
		{5D182EE1-009F-4D2F-A183-7B39CC39F562}.Ad-Hoc|x86.ActiveCfg = Release|Any CPU
		{5D182EE1-009F-4D2F-A183-7B39CC39F562}.Ad-Hoc|x86.Build.0 = Release|Any CPU
		{5D182EE1-009F-4D2F-A183-7B39CC39F562}.AppStore|Any CPU.ActiveCfg = Release|Any CPU
		{5D182EE1-009F-4D2F-A183-7B39CC39F562}.AppStore|Any CPU.Build.0 = Release|Any CPU
		{5D182EE1-009F-4D2F-A183-7B39CC39F562}.AppStore|ARM.ActiveCfg = Release|Any CPU
		{5D182EE1-009F-4D2F-A183-7B39CC39F562}.AppStore|ARM.Build.0 = Release|Any CPU
		{5D182EE1-009F-4D2F-A183-7B39CC39F562}.AppStore|iPhone.ActiveCfg = Release|Any CPU
		{5D182EE1-009F-4D2F-A183-7B39CC39F562}.AppStore|iPhone.Build.0 = Release|Any CPU
		{5D182EE1-009F-4D2F-A183-7B39CC39F562}.AppStore|iPhoneSimulator.ActiveCfg = Release|Any CPU
		{5D182EE1-009F-4D2F-A183-7B39CC39F562}.AppStore|iPhoneSimulator.Build.0 = Release|Any CPU
		{5D182EE1-009F-4D2F-A183-7B39CC39F562}.AppStore|x64.ActiveCfg = Release|Any CPU
		{5D182EE1-009F-4D2F-A183-7B39CC39F562}.AppStore|x64.Build.0 = Release|Any CPU
		{5D182EE1-009F-4D2F-A183-7B39CC39F562}.AppStore|x86.ActiveCfg = Release|Any CPU
		{5D182EE1-009F-4D2F-A183-7B39CC39F562}.AppStore|x86.Build.0 = Release|Any CPU
		{5D182EE1-009F-4D2F-A183-7B39CC39F562}.Debug|Any CPU.ActiveCfg = Debug|Any CPU
		{5D182EE1-009F-4D2F-A183-7B39CC39F562}.Debug|Any CPU.Build.0 = Debug|Any CPU
		{5D182EE1-009F-4D2F-A183-7B39CC39F562}.Debug|ARM.ActiveCfg = Debug|Any CPU
		{5D182EE1-009F-4D2F-A183-7B39CC39F562}.Debug|ARM.Build.0 = Debug|Any CPU
		{5D182EE1-009F-4D2F-A183-7B39CC39F562}.Debug|iPhone.ActiveCfg = Debug|Any CPU
		{5D182EE1-009F-4D2F-A183-7B39CC39F562}.Debug|iPhone.Build.0 = Debug|Any CPU
		{5D182EE1-009F-4D2F-A183-7B39CC39F562}.Debug|iPhoneSimulator.ActiveCfg = Debug|Any CPU
		{5D182EE1-009F-4D2F-A183-7B39CC39F562}.Debug|iPhoneSimulator.Build.0 = Debug|Any CPU
		{5D182EE1-009F-4D2F-A183-7B39CC39F562}.Debug|x64.ActiveCfg = Debug|Any CPU
		{5D182EE1-009F-4D2F-A183-7B39CC39F562}.Debug|x64.Build.0 = Debug|Any CPU
		{5D182EE1-009F-4D2F-A183-7B39CC39F562}.Debug|x86.ActiveCfg = Debug|Any CPU
		{5D182EE1-009F-4D2F-A183-7B39CC39F562}.Debug|x86.Build.0 = Debug|Any CPU
		{5D182EE1-009F-4D2F-A183-7B39CC39F562}.Release|Any CPU.ActiveCfg = Release|Any CPU
		{5D182EE1-009F-4D2F-A183-7B39CC39F562}.Release|Any CPU.Build.0 = Release|Any CPU
		{5D182EE1-009F-4D2F-A183-7B39CC39F562}.Release|ARM.ActiveCfg = Release|Any CPU
		{5D182EE1-009F-4D2F-A183-7B39CC39F562}.Release|ARM.Build.0 = Release|Any CPU
		{5D182EE1-009F-4D2F-A183-7B39CC39F562}.Release|iPhone.ActiveCfg = Release|Any CPU
		{5D182EE1-009F-4D2F-A183-7B39CC39F562}.Release|iPhone.Build.0 = Release|Any CPU
		{5D182EE1-009F-4D2F-A183-7B39CC39F562}.Release|iPhoneSimulator.ActiveCfg = Release|Any CPU
		{5D182EE1-009F-4D2F-A183-7B39CC39F562}.Release|iPhoneSimulator.Build.0 = Release|Any CPU
		{5D182EE1-009F-4D2F-A183-7B39CC39F562}.Release|x64.ActiveCfg = Release|Any CPU
		{5D182EE1-009F-4D2F-A183-7B39CC39F562}.Release|x64.Build.0 = Release|Any CPU
		{5D182EE1-009F-4D2F-A183-7B39CC39F562}.Release|x86.ActiveCfg = Release|Any CPU
		{5D182EE1-009F-4D2F-A183-7B39CC39F562}.Release|x86.Build.0 = Release|Any CPU
		{DFAB790A-9B8C-41AE-A288-5E7BBBBBB439}.Ad-Hoc|Any CPU.ActiveCfg = Release|Any CPU
		{DFAB790A-9B8C-41AE-A288-5E7BBBBBB439}.Ad-Hoc|Any CPU.Build.0 = Release|Any CPU
		{DFAB790A-9B8C-41AE-A288-5E7BBBBBB439}.Ad-Hoc|ARM.ActiveCfg = Release|Any CPU
		{DFAB790A-9B8C-41AE-A288-5E7BBBBBB439}.Ad-Hoc|ARM.Build.0 = Release|Any CPU
		{DFAB790A-9B8C-41AE-A288-5E7BBBBBB439}.Ad-Hoc|iPhone.ActiveCfg = Release|Any CPU
		{DFAB790A-9B8C-41AE-A288-5E7BBBBBB439}.Ad-Hoc|iPhone.Build.0 = Release|Any CPU
		{DFAB790A-9B8C-41AE-A288-5E7BBBBBB439}.Ad-Hoc|iPhoneSimulator.ActiveCfg = Release|Any CPU
		{DFAB790A-9B8C-41AE-A288-5E7BBBBBB439}.Ad-Hoc|iPhoneSimulator.Build.0 = Release|Any CPU
		{DFAB790A-9B8C-41AE-A288-5E7BBBBBB439}.Ad-Hoc|x64.ActiveCfg = Release|Any CPU
		{DFAB790A-9B8C-41AE-A288-5E7BBBBBB439}.Ad-Hoc|x64.Build.0 = Release|Any CPU
		{DFAB790A-9B8C-41AE-A288-5E7BBBBBB439}.Ad-Hoc|x86.ActiveCfg = Release|Any CPU
		{DFAB790A-9B8C-41AE-A288-5E7BBBBBB439}.Ad-Hoc|x86.Build.0 = Release|Any CPU
		{DFAB790A-9B8C-41AE-A288-5E7BBBBBB439}.AppStore|Any CPU.ActiveCfg = Release|Any CPU
		{DFAB790A-9B8C-41AE-A288-5E7BBBBBB439}.AppStore|Any CPU.Build.0 = Release|Any CPU
		{DFAB790A-9B8C-41AE-A288-5E7BBBBBB439}.AppStore|ARM.ActiveCfg = Release|Any CPU
		{DFAB790A-9B8C-41AE-A288-5E7BBBBBB439}.AppStore|ARM.Build.0 = Release|Any CPU
		{DFAB790A-9B8C-41AE-A288-5E7BBBBBB439}.AppStore|iPhone.ActiveCfg = Release|Any CPU
		{DFAB790A-9B8C-41AE-A288-5E7BBBBBB439}.AppStore|iPhone.Build.0 = Release|Any CPU
		{DFAB790A-9B8C-41AE-A288-5E7BBBBBB439}.AppStore|iPhoneSimulator.ActiveCfg = Release|Any CPU
		{DFAB790A-9B8C-41AE-A288-5E7BBBBBB439}.AppStore|iPhoneSimulator.Build.0 = Release|Any CPU
		{DFAB790A-9B8C-41AE-A288-5E7BBBBBB439}.AppStore|x64.ActiveCfg = Release|Any CPU
		{DFAB790A-9B8C-41AE-A288-5E7BBBBBB439}.AppStore|x64.Build.0 = Release|Any CPU
		{DFAB790A-9B8C-41AE-A288-5E7BBBBBB439}.AppStore|x86.ActiveCfg = Release|Any CPU
		{DFAB790A-9B8C-41AE-A288-5E7BBBBBB439}.AppStore|x86.Build.0 = Release|Any CPU
		{DFAB790A-9B8C-41AE-A288-5E7BBBBBB439}.Debug|Any CPU.ActiveCfg = Debug|Any CPU
		{DFAB790A-9B8C-41AE-A288-5E7BBBBBB439}.Debug|Any CPU.Build.0 = Debug|Any CPU
		{DFAB790A-9B8C-41AE-A288-5E7BBBBBB439}.Debug|ARM.ActiveCfg = Debug|Any CPU
		{DFAB790A-9B8C-41AE-A288-5E7BBBBBB439}.Debug|ARM.Build.0 = Debug|Any CPU
		{DFAB790A-9B8C-41AE-A288-5E7BBBBBB439}.Debug|iPhone.ActiveCfg = Debug|Any CPU
		{DFAB790A-9B8C-41AE-A288-5E7BBBBBB439}.Debug|iPhone.Build.0 = Debug|Any CPU
		{DFAB790A-9B8C-41AE-A288-5E7BBBBBB439}.Debug|iPhoneSimulator.ActiveCfg = Debug|Any CPU
		{DFAB790A-9B8C-41AE-A288-5E7BBBBBB439}.Debug|iPhoneSimulator.Build.0 = Debug|Any CPU
		{DFAB790A-9B8C-41AE-A288-5E7BBBBBB439}.Debug|x64.ActiveCfg = Debug|Any CPU
		{DFAB790A-9B8C-41AE-A288-5E7BBBBBB439}.Debug|x64.Build.0 = Debug|Any CPU
		{DFAB790A-9B8C-41AE-A288-5E7BBBBBB439}.Debug|x86.ActiveCfg = Debug|Any CPU
		{DFAB790A-9B8C-41AE-A288-5E7BBBBBB439}.Debug|x86.Build.0 = Debug|Any CPU
		{DFAB790A-9B8C-41AE-A288-5E7BBBBBB439}.Release|Any CPU.ActiveCfg = Release|Any CPU
		{DFAB790A-9B8C-41AE-A288-5E7BBBBBB439}.Release|Any CPU.Build.0 = Release|Any CPU
		{DFAB790A-9B8C-41AE-A288-5E7BBBBBB439}.Release|ARM.ActiveCfg = Release|Any CPU
		{DFAB790A-9B8C-41AE-A288-5E7BBBBBB439}.Release|ARM.Build.0 = Release|Any CPU
		{DFAB790A-9B8C-41AE-A288-5E7BBBBBB439}.Release|iPhone.ActiveCfg = Release|Any CPU
		{DFAB790A-9B8C-41AE-A288-5E7BBBBBB439}.Release|iPhone.Build.0 = Release|Any CPU
		{DFAB790A-9B8C-41AE-A288-5E7BBBBBB439}.Release|iPhoneSimulator.ActiveCfg = Release|Any CPU
		{DFAB790A-9B8C-41AE-A288-5E7BBBBBB439}.Release|iPhoneSimulator.Build.0 = Release|Any CPU
		{DFAB790A-9B8C-41AE-A288-5E7BBBBBB439}.Release|x64.ActiveCfg = Release|Any CPU
		{DFAB790A-9B8C-41AE-A288-5E7BBBBBB439}.Release|x64.Build.0 = Release|Any CPU
		{DFAB790A-9B8C-41AE-A288-5E7BBBBBB439}.Release|x86.ActiveCfg = Release|Any CPU
		{DFAB790A-9B8C-41AE-A288-5E7BBBBBB439}.Release|x86.Build.0 = Release|Any CPU
	EndGlobalSection
	GlobalSection(SolutionProperties) = preSolution
		HideSolutionNode = FALSE
	EndGlobalSection
EndGlobal
